// !$*UTF8*$!
{
	archiveVersion = 1;
	classes = {
	};
	objectVersion = 46;
	objects = {

/* Begin PBXBuildFile section */
		97A3352D1E619F1100304331 /* AppDelegate.swift in Sources */ = {isa = PBXBuildFile; fileRef = 97A3352C1E619F1100304331 /* AppDelegate.swift */; };
		97A3352F1E619F1100304331 /* ViewController.swift in Sources */ = {isa = PBXBuildFile; fileRef = 97A3352E1E619F1100304331 /* ViewController.swift */; };
		97A335321E619F1100304331 /* Main.storyboard in Resources */ = {isa = PBXBuildFile; fileRef = 97A335301E619F1100304331 /* Main.storyboard */; };
		97A335341E619F1100304331 /* Assets.xcassets in Resources */ = {isa = PBXBuildFile; fileRef = 97A335331E619F1100304331 /* Assets.xcassets */; };
		97A335371E619F1100304331 /* LaunchScreen.storyboard in Resources */ = {isa = PBXBuildFile; fileRef = 97A335351E619F1100304331 /* LaunchScreen.storyboard */; };
		97A335421E619F1100304331 /* CALayerTests.swift in Sources */ = {isa = PBXBuildFile; fileRef = 97A335411E619F1100304331 /* CALayerTests.swift */; };
/* End PBXBuildFile section */

/* Begin PBXContainerItemProxy section */
		97A3353E1E619F1100304331 /* PBXContainerItemProxy */ = {
			isa = PBXContainerItemProxy;
			containerPortal = 97A335211E619F1100304331 /* Project object */;
			proxyType = 1;
			remoteGlobalIDString = 97A335281E619F1100304331;
			remoteInfo = CALayer;
		};
/* End PBXContainerItemProxy section */

/* Begin PBXFileReference section */
		97A335291E619F1100304331 /* CALayer.app */ = {isa = PBXFileReference; explicitFileType = wrapper.application; includeInIndex = 0; path = CALayer.app; sourceTree = BUILT_PRODUCTS_DIR; };
		97A3352C1E619F1100304331 /* AppDelegate.swift */ = {isa = PBXFileReference; lastKnownFileType = sourcecode.swift; path = AppDelegate.swift; sourceTree = "<group>"; };
		97A3352E1E619F1100304331 /* ViewController.swift */ = {isa = PBXFileReference; lastKnownFileType = sourcecode.swift; path = ViewController.swift; sourceTree = "<group>"; };
		97A335311E619F1100304331 /* Base */ = {isa = PBXFileReference; lastKnownFileType = file.storyboard; name = Base; path = Base.lproj/Main.storyboard; sourceTree = "<group>"; };
		97A335331E619F1100304331 /* Assets.xcassets */ = {isa = PBXFileReference; lastKnownFileType = folder.assetcatalog; path = Assets.xcassets; sourceTree = "<group>"; };
		97A335361E619F1100304331 /* Base */ = {isa = PBXFileReference; lastKnownFileType = file.storyboard; name = Base; path = Base.lproj/LaunchScreen.storyboard; sourceTree = "<group>"; };
		97A335381E619F1100304331 /* Info.plist */ = {isa = PBXFileReference; lastKnownFileType = text.plist.xml; path = Info.plist; sourceTree = "<group>"; };
		97A3353D1E619F1100304331 /* CALayerTests.xctest */ = {isa = PBXFileReference; explicitFileType = wrapper.cfbundle; includeInIndex = 0; path = CALayerTests.xctest; sourceTree = BUILT_PRODUCTS_DIR; };
		97A335411E619F1100304331 /* CALayerTests.swift */ = {isa = PBXFileReference; lastKnownFileType = sourcecode.swift; path = CALayerTests.swift; sourceTree = "<group>"; };
		97A335431E619F1100304331 /* Info.plist */ = {isa = PBXFileReference; lastKnownFileType = text.plist.xml; path = Info.plist; sourceTree = "<group>"; };
/* End PBXFileReference section */

/* Begin PBXFrameworksBuildPhase section */
		97A335261E619F1100304331 /* Frameworks */ = {
			isa = PBXFrameworksBuildPhase;
			buildActionMask = 2147483647;
			files = (
			);
			runOnlyForDeploymentPostprocessing = 0;
		};
		97A3353A1E619F1100304331 /* Frameworks */ = {
			isa = PBXFrameworksBuildPhase;
			buildActionMask = 2147483647;
			files = (
			);
			runOnlyForDeploymentPostprocessing = 0;
		};
/* End PBXFrameworksBuildPhase section */

/* Begin PBXGroup section */
		97A335201E619F1100304331 = {
			isa = PBXGroup;
			children = (
				97A3352B1E619F1100304331 /* CALayer */,
				97A335401E619F1100304331 /* CALayerTests */,
				97A3352A1E619F1100304331 /* Products */,
			);
			sourceTree = "<group>";
		};
		97A3352A1E619F1100304331 /* Products */ = {
			isa = PBXGroup;
			children = (
				97A335291E619F1100304331 /* CALayer.app */,
				97A3353D1E619F1100304331 /* CALayerTests.xctest */,
			);
			name = Products;
			sourceTree = "<group>";
		};
		97A3352B1E619F1100304331 /* CALayer */ = {
			isa = PBXGroup;
			children = (
				97A3352C1E619F1100304331 /* AppDelegate.swift */,
				97A3352E1E619F1100304331 /* ViewController.swift */,
				97A335301E619F1100304331 /* Main.storyboard */,
				97A335331E619F1100304331 /* Assets.xcassets */,
				97A335351E619F1100304331 /* LaunchScreen.storyboard */,
				97A335381E619F1100304331 /* Info.plist */,
			);
			path = CALayer;
			sourceTree = "<group>";
		};
		97A335401E619F1100304331 /* CALayerTests */ = {
			isa = PBXGroup;
			children = (
				97A335411E619F1100304331 /* CALayerTests.swift */,
				97A335431E619F1100304331 /* Info.plist */,
			);
			path = CALayerTests;
			sourceTree = "<group>";
		};
/* End PBXGroup section */

/* Begin PBXNativeTarget section */
		97A335281E619F1100304331 /* CALayer */ = {
			isa = PBXNativeTarget;
			buildConfigurationList = 97A335461E619F1100304331 /* Build configuration list for PBXNativeTarget "CALayer" */;
			buildPhases = (
				97A335251E619F1100304331 /* Sources */,
				97A335261E619F1100304331 /* Frameworks */,
				97A335271E619F1100304331 /* Resources */,
			);
			buildRules = (
			);
			dependencies = (
			);
			name = CALayer;
			productName = CALayer;
			productReference = 97A335291E619F1100304331 /* CALayer.app */;
			productType = "com.apple.product-type.application";
		};
		97A3353C1E619F1100304331 /* CALayerTests */ = {
			isa = PBXNativeTarget;
			buildConfigurationList = 97A335491E619F1100304331 /* Build configuration list for PBXNativeTarget "CALayerTests" */;
			buildPhases = (
				97A335391E619F1100304331 /* Sources */,
				97A3353A1E619F1100304331 /* Frameworks */,
				97A3353B1E619F1100304331 /* Resources */,
			);
			buildRules = (
			);
			dependencies = (
				97A3353F1E619F1100304331 /* PBXTargetDependency */,
			);
			name = CALayerTests;
			productName = CALayerTests;
			productReference = 97A3353D1E619F1100304331 /* CALayerTests.xctest */;
			productType = "com.apple.product-type.bundle.unit-test";
		};
/* End PBXNativeTarget section */

/* Begin PBXProject section */
		97A335211E619F1100304331 /* Project object */ = {
			isa = PBXProject;
			attributes = {
				LastSwiftUpdateCheck = 0820;
				LastUpgradeCheck = 0820;
				ORGANIZATIONNAME = flatLabel56;
				TargetAttributes = {
					97A335281E619F1100304331 = {
						CreatedOnToolsVersion = 8.2.1;
						ProvisioningStyle = Automatic;
					};
					97A3353C1E619F1100304331 = {
						CreatedOnToolsVersion = 8.2.1;
						ProvisioningStyle = Automatic;
						TestTargetID = 97A335281E619F1100304331;
					};
				};
			};
			buildConfigurationList = 97A335241E619F1100304331 /* Build configuration list for PBXProject "CALayer" */;
			compatibilityVersion = "Xcode 3.2";
			developmentRegion = English;
			hasScannedForEncodings = 0;
			knownRegions = (
				en,
				Base,
			);
			mainGroup = 97A335201E619F1100304331;
			productRefGroup = 97A3352A1E619F1100304331 /* Products */;
			projectDirPath = "";
			projectRoot = "";
			targets = (
				97A335281E619F1100304331 /* CALayer */,
				97A3353C1E619F1100304331 /* CALayerTests */,
			);
		};
/* End PBXProject section */

/* Begin PBXResourcesBuildPhase section */
		97A335271E619F1100304331 /* Resources */ = {
			isa = PBXResourcesBuildPhase;
			buildActionMask = 2147483647;
			files = (
				97A335371E619F1100304331 /* LaunchScreen.storyboard in Resources */,
				97A335341E619F1100304331 /* Assets.xcassets in Resources */,
				97A335321E619F1100304331 /* Main.storyboard in Resources */,
			);
			runOnlyForDeploymentPostprocessing = 0;
		};
		97A3353B1E619F1100304331 /* Resources */ = {
			isa = PBXResourcesBuildPhase;
			buildActionMask = 2147483647;
			files = (
			);
			runOnlyForDeploymentPostprocessing = 0;
		};
/* End PBXResourcesBuildPhase section */

/* Begin PBXSourcesBuildPhase section */
		97A335251E619F1100304331 /* Sources */ = {
			isa = PBXSourcesBuildPhase;
			buildActionMask = 2147483647;
			files = (
				97A3352F1E619F1100304331 /* ViewController.swift in Sources */,
				97A3352D1E619F1100304331 /* AppDelegate.swift in Sources */,
			);
			runOnlyForDeploymentPostprocessing = 0;
		};
		97A335391E619F1100304331 /* Sources */ = {
			isa = PBXSourcesBuildPhase;
			buildActionMask = 2147483647;
			files = (
				97A335421E619F1100304331 /* CALayerTests.swift in Sources */,
			);
			runOnlyForDeploymentPostprocessing = 0;
		};
/* End PBXSourcesBuildPhase section */

/* Begin PBXTargetDependency section */
		97A3353F1E619F1100304331 /* PBXTargetDependency */ = {
			isa = PBXTargetDependency;
			target = 97A335281E619F1100304331 /* CALayer */;
			targetProxy = 97A3353E1E619F1100304331 /* PBXContainerItemProxy */;
		};
/* End PBXTargetDependency section */

/* Begin PBXVariantGroup section */
		97A335301E619F1100304331 /* Main.storyboard */ = {
			isa = PBXVariantGroup;
			children = (
				97A335311E619F1100304331 /* Base */,
			);
			name = Main.storyboard;
			sourceTree = "<group>";
		};
		97A335351E619F1100304331 /* LaunchScreen.storyboard */ = {
			isa = PBXVariantGroup;
			children = (
				97A335361E619F1100304331 /* Base */,
			);
			name = LaunchScreen.storyboard;
			sourceTree = "<group>";
		};
/* End PBXVariantGroup section */

/* Begin XCBuildConfiguration section */
		97A335441E619F1100304331 /* Debug */ = {
			isa = XCBuildConfiguration;
			buildSettings = {
				ALWAYS_SEARCH_USER_PATHS = NO;
				CLANG_ANALYZER_NONNULL = YES;
				CLANG_CXX_LANGUAGE_STANDARD = "gnu++0x";
				CLANG_CXX_LIBRARY = "libc++";
				CLANG_ENABLE_MODULES = YES;
				CLANG_ENABLE_OBJC_ARC = YES;
				CLANG_WARN_BOOL_CONVERSION = YES;
				CLANG_WARN_CONSTANT_CONVERSION = YES;
				CLANG_WARN_DIRECT_OBJC_ISA_USAGE = YES_ERROR;
				CLANG_WARN_DOCUMENTATION_COMMENTS = YES;
				CLANG_WARN_EMPTY_BODY = YES;
				CLANG_WARN_ENUM_CONVERSION = YES;
				CLANG_WARN_INFINITE_RECURSION = YES;
				CLANG_WARN_INT_CONVERSION = YES;
				CLANG_WARN_OBJC_ROOT_CLASS = YES_ERROR;
				CLANG_WARN_SUSPICIOUS_MOVE = YES;
				CLANG_WARN_UNREACHABLE_CODE = YES;
				CLANG_WARN__DUPLICATE_METHOD_MATCH = YES;
				"CODE_SIGN_IDENTITY[sdk=iphoneos*]" = "iPhone Developer";
				COPY_PHASE_STRIP = NO;
				DEBUG_INFORMATION_FORMAT = dwarf;
				ENABLE_STRICT_OBJC_MSGSEND = YES;
				ENABLE_TESTABILITY = YES;
				GCC_C_LANGUAGE_STANDARD = gnu99;
				GCC_DYNAMIC_NO_PIC = NO;
				GCC_NO_COMMON_BLOCKS = YES;
				GCC_OPTIMIZATION_LEVEL = 0;
				GCC_PREPROCESSOR_DEFINITIONS = (
					"DEBUG=1",
					"$(inherited)",
				);
				GCC_WARN_64_TO_32_BIT_CONVERSION = YES;
				GCC_WARN_ABOUT_RETURN_TYPE = YES_ERROR;
				GCC_WARN_UNDECLARED_SELECTOR = YES;
				GCC_WARN_UNINITIALIZED_AUTOS = YES_AGGRESSIVE;
				GCC_WARN_UNUSED_FUNCTION = YES;
				GCC_WARN_UNUSED_VARIABLE = YES;
				IPHONEOS_DEPLOYMENT_TARGET = 10.2;
				MTL_ENABLE_DEBUG_INFO = YES;
				ONLY_ACTIVE_ARCH = YES;
				SDKROOT = iphoneos;
				SWIFT_ACTIVE_COMPILATION_CONDITIONS = DEBUG;
				SWIFT_OPTIMIZATION_LEVEL = "-Onone";
				TARGETED_DEVICE_FAMILY = "1,2";
			};
			name = Debug;
		};
		97A335451E619F1100304331 /* Release */ = {
			isa = XCBuildConfiguration;
			buildSettings = {
				ALWAYS_SEARCH_USER_PATHS = NO;
				CLANG_ANALYZER_NONNULL = YES;
				CLANG_CXX_LANGUAGE_STANDARD = "gnu++0x";
				CLANG_CXX_LIBRARY = "libc++";
				CLANG_ENABLE_MODULES = YES;
				CLANG_ENABLE_OBJC_ARC = YES;
				CLANG_WARN_BOOL_CONVERSION = YES;
				CLANG_WARN_CONSTANT_CONVERSION = YES;
				CLANG_WARN_DIRECT_OBJC_ISA_USAGE = YES_ERROR;
				CLANG_WARN_DOCUMENTATION_COMMENTS = YES;
				CLANG_WARN_EMPTY_BODY = YES;
				CLANG_WARN_ENUM_CONVERSION = YES;
				CLANG_WARN_INFINITE_RECURSION = YES;
				CLANG_WARN_INT_CONVERSION = YES;
				CLANG_WARN_OBJC_ROOT_CLASS = YES_ERROR;
				CLANG_WARN_SUSPICIOUS_MOVE = YES;
				CLANG_WARN_UNREACHABLE_CODE = YES;
				CLANG_WARN__DUPLICATE_METHOD_MATCH = YES;
				"CODE_SIGN_IDENTITY[sdk=iphoneos*]" = "iPhone Developer";
				COPY_PHASE_STRIP = NO;
				DEBUG_INFORMATION_FORMAT = "dwarf-with-dsym";
				ENABLE_NS_ASSERTIONS = NO;
				ENABLE_STRICT_OBJC_MSGSEND = YES;
				GCC_C_LANGUAGE_STANDARD = gnu99;
				GCC_NO_COMMON_BLOCKS = YES;
				GCC_WARN_64_TO_32_BIT_CONVERSION = YES;
				GCC_WARN_ABOUT_RETURN_TYPE = YES_ERROR;
				GCC_WARN_UNDECLARED_SELECTOR = YES;
				GCC_WARN_UNINITIALIZED_AUTOS = YES_AGGRESSIVE;
				GCC_WARN_UNUSED_FUNCTION = YES;
				GCC_WARN_UNUSED_VARIABLE = YES;
				IPHONEOS_DEPLOYMENT_TARGET = 10.2;
				MTL_ENABLE_DEBUG_INFO = NO;
				SDKROOT = iphoneos;
				SWIFT_OPTIMIZATION_LEVEL = "-Owholemodule";
				TARGETED_DEVICE_FAMILY = "1,2";
				VALIDATE_PRODUCT = YES;
			};
			name = Release;
		};
		97A335471E619F1100304331 /* Debug */ = {
			isa = XCBuildConfiguration;
			buildSettings = {
				ASSETCATALOG_COMPILER_APPICON_NAME = AppIcon;
				INFOPLIST_FILE = CALayer/Info.plist;
				LD_RUNPATH_SEARCH_PATHS = "$(inherited) @executable_path/Frameworks";
				PRODUCT_BUNDLE_IDENTIFIER = com.flatLabel56.CALayer;
				PRODUCT_NAME = "$(TARGET_NAME)";
				SWIFT_VERSION = 3.0;
			};
			name = Debug;
		};
		97A335481E619F1100304331 /* Release */ = {
			isa = XCBuildConfiguration;
			buildSettings = {
				ASSETCATALOG_COMPILER_APPICON_NAME = AppIcon;
				INFOPLIST_FILE = CALayer/Info.plist;
				LD_RUNPATH_SEARCH_PATHS = "$(inherited) @executable_path/Frameworks";
				PRODUCT_BUNDLE_IDENTIFIER = com.flatLabel56.CALayer;
				PRODUCT_NAME = "$(TARGET_NAME)";
				SWIFT_VERSION = 3.0;
			};
			name = Release;
		};
		97A3354A1E619F1100304331 /* Debug */ = {
			isa = XCBuildConfiguration;
			buildSettings = {
				ALWAYS_EMBED_SWIFT_STANDARD_LIBRARIES = YES;
				BUNDLE_LOADER = "$(TEST_HOST)";
				INFOPLIST_FILE = CALayerTests/Info.plist;
				LD_RUNPATH_SEARCH_PATHS = "$(inherited) @executable_path/Frameworks @loader_path/Frameworks";
				PRODUCT_BUNDLE_IDENTIFIER = com.flatLabel56.CALayerTests;
				PRODUCT_NAME = "$(TARGET_NAME)";
				SWIFT_VERSION = 3.0;
				TEST_HOST = "$(BUILT_PRODUCTS_DIR)/CALayer.app/CALayer";
			};
			name = Debug;
		};
		97A3354B1E619F1100304331 /* Release */ = {
			isa = XCBuildConfiguration;
			buildSettings = {
				ALWAYS_EMBED_SWIFT_STANDARD_LIBRARIES = YES;
				BUNDLE_LOADER = "$(TEST_HOST)";
				INFOPLIST_FILE = CALayerTests/Info.plist;
				LD_RUNPATH_SEARCH_PATHS = "$(inherited) @executable_path/Frameworks @loader_path/Frameworks";
				PRODUCT_BUNDLE_IDENTIFIER = com.flatLabel56.CALayerTests;
				PRODUCT_NAME = "$(TARGET_NAME)";
				SWIFT_VERSION = 3.0;
				TEST_HOST = "$(BUILT_PRODUCTS_DIR)/CALayer.app/CALayer";
			};
			name = Release;
		};
/* End XCBuildConfiguration section */

/* Begin XCConfigurationList section */
		97A335241E619F1100304331 /* Build configuration list for PBXProject "CALayer" */ = {
			isa = XCConfigurationList;
			buildConfigurations = (
				97A335441E619F1100304331 /* Debug */,
				97A335451E619F1100304331 /* Release */,
			);
			defaultConfigurationIsVisible = 0;
			defaultConfigurationName = Release;
		};
		97A335461E619F1100304331 /* Build configuration list for PBXNativeTarget "CALayer" */ = {
			isa = XCConfigurationList;
			buildConfigurations = (
				97A335471E619F1100304331 /* Debug */,
				97A335481E619F1100304331 /* Release */,
			);
			defaultConfigurationIsVisible = 0;
		};
		97A335491E619F1100304331 /* Build configuration list for PBXNativeTarget "CALayerTests" */ = {
			isa = XCConfigurationList;
			buildConfigurations = (
				97A3354A1E619F1100304331 /* Debug */,
				97A3354B1E619F1100304331 /* Release */,
			);
			defaultConfigurationIsVisible = 0;
		};
/* End XCConfigurationList section */
	};
	rootObject = 97A335211E619F1100304331 /* Project object */;
}
